
Microsoft Visual Studio Solution File, Format Version 12.00
# Visual Studio 2013
VisualStudioVersion = 12.0.40629.0
MinimumVisualStudioVersion = 10.0.40219.1
Project("{FAE04EC0-301F-11D3-BF4B-00C04F79EFBC}") = "YuYan.API", "YuYan.API\YuYan.API.csproj", "{F4EEE76C-5E91-400C-BB0F-CEAD1931F290}"
EndProject
Project("{FAE04EC0-301F-11D3-BF4B-00C04F79EFBC}") = "YuYan.Data", "YuYan.Data\YuYan.Data.csproj", "{0825A80E-EDD1-4D01-A3FA-BFE9A60487DF}"
EndProject
Project("{FAE04EC0-301F-11D3-BF4B-00C04F79EFBC}") = "YuYan.Interface", "YuYan.Interface\YuYan.Interface.csproj", "{9A786D5F-5729-4948-A70E-ECBD8C2C2CD2}"
EndProject
Project("{FAE04EC0-301F-11D3-BF4B-00C04F79EFBC}") = "YuYan.Domain", "YuYan.Domain\YuYan.Domain.csproj", "{F930C648-B409-4C69-8172-36AD22BED8E4}"
EndProject
Project("{FAE04EC0-301F-11D3-BF4B-00C04F79EFBC}") = "YuYan.Service", "YuYan.Service\YuYan.Service.csproj", "{FCF3EB00-3943-457E-A613-96E2E391163E}"
EndProject
Project("{FAE04EC0-301F-11D3-BF4B-00C04F79EFBC}") = "YuYan.Test", "YuYan.Test\YuYan.Test.csproj", "{C1F96EEC-0C39-449C-85AE-B92E5E3633F3}"
EndProject
Project("{2150E333-8FDC-42A3-9474-1A3956D46DE8}") = ".nuget", ".nuget", "{F4D378D1-BF98-4B38-BCDC-C80507F7E33E}"
	ProjectSection(SolutionItems) = preProject
		.nuget\NuGet.Config = .nuget\NuGet.Config
		.nuget\NuGet.exe = .nuget\NuGet.exe
		.nuget\NuGet.targets = .nuget\NuGet.targets
	EndProjectSection
EndProject
Project("{FAE04EC0-301F-11D3-BF4B-00C04F79EFBC}") = "YuYan.Website", "YuYan.Website\YuYan.Website.csproj", "{DAC1E6C3-E08A-4834-A491-3C7423ABC8AA}"
EndProject
Project("{FAE04EC0-301F-11D3-BF4B-00C04F79EFBC}") = "YuYan.Tools", "YuYan.Tools\YuYan.Tools.csproj", "{7D52FE31-88A6-4840-A5D1-A19E40A912F7}"
EndProject
Global
	GlobalSection(SolutionConfigurationPlatforms) = preSolution
		Debug|Any CPU = Debug|Any CPU
		Release|Any CPU = Release|Any CPU
	EndGlobalSection
	GlobalSection(ProjectConfigurationPlatforms) = postSolution
		{F4EEE76C-5E91-400C-BB0F-CEAD1931F290}.Debug|Any CPU.ActiveCfg = Debug|Any CPU
		{F4EEE76C-5E91-400C-BB0F-CEAD1931F290}.Debug|Any CPU.Build.0 = Debug|Any CPU
		{F4EEE76C-5E91-400C-BB0F-CEAD1931F290}.Release|Any CPU.ActiveCfg = Release|Any CPU
		{F4EEE76C-5E91-400C-BB0F-CEAD1931F290}.Release|Any CPU.Build.0 = Release|Any CPU
		{0825A80E-EDD1-4D01-A3FA-BFE9A60487DF}.Debug|Any CPU.ActiveCfg = Debug|Any CPU
		{0825A80E-EDD1-4D01-A3FA-BFE9A60487DF}.Debug|Any CPU.Build.0 = Debug|Any CPU
		{0825A80E-EDD1-4D01-A3FA-BFE9A60487DF}.Release|Any CPU.ActiveCfg = Release|Any CPU
		{0825A80E-EDD1-4D01-A3FA-BFE9A60487DF}.Release|Any CPU.Build.0 = Release|Any CPU
		{9A786D5F-5729-4948-A70E-ECBD8C2C2CD2}.Debug|Any CPU.ActiveCfg = Debug|Any CPU
		{9A786D5F-5729-4948-A70E-ECBD8C2C2CD2}.Debug|Any CPU.Build.0 = Debug|Any CPU
		{9A786D5F-5729-4948-A70E-ECBD8C2C2CD2}.Release|Any CPU.ActiveCfg = Release|Any CPU
		{9A786D5F-5729-4948-A70E-ECBD8C2C2CD2}.Release|Any CPU.Build.0 = Release|Any CPU
		{F930C648-B409-4C69-8172-36AD22BED8E4}.Debug|Any CPU.ActiveCfg = Debug|Any CPU
		{F930C648-B409-4C69-8172-36AD22BED8E4}.Debug|Any CPU.Build.0 = Debug|Any CPU
		{F930C648-B409-4C69-8172-36AD22BED8E4}.Release|Any CPU.ActiveCfg = Release|Any CPU
		{F930C648-B409-4C69-8172-36AD22BED8E4}.Release|Any CPU.Build.0 = Release|Any CPU
		{FCF3EB00-3943-457E-A613-96E2E391163E}.Debug|Any CPU.ActiveCfg = Debug|Any CPU
		{FCF3EB00-3943-457E-A613-96E2E391163E}.Debug|Any CPU.Build.0 = Debug|Any CPU
		{FCF3EB00-3943-457E-A613-96E2E391163E}.Release|Any CPU.ActiveCfg = Release|Any CPU
		{FCF3EB00-3943-457E-A613-96E2E391163E}.Release|Any CPU.Build.0 = Release|Any CPU
		{C1F96EEC-0C39-449C-85AE-B92E5E3633F3}.Debug|Any CPU.ActiveCfg = Debug|Any CPU
		{C1F96EEC-0C39-449C-85AE-B92E5E3633F3}.Debug|Any CPU.Build.0 = Debug|Any CPU
		{C1F96EEC-0C39-449C-85AE-B92E5E3633F3}.Release|Any CPU.ActiveCfg = Release|Any CPU
		{C1F96EEC-0C39-449C-85AE-B92E5E3633F3}.Release|Any CPU.Build.0 = Release|Any CPU
		{DAC1E6C3-E08A-4834-A491-3C7423ABC8AA}.Debug|Any CPU.ActiveCfg = Debug|Any CPU
		{DAC1E6C3-E08A-4834-A491-3C7423ABC8AA}.Debug|Any CPU.Build.0 = Debug|Any CPU
		{DAC1E6C3-E08A-4834-A491-3C7423ABC8AA}.Release|Any CPU.ActiveCfg = Release|Any CPU
		{DAC1E6C3-E08A-4834-A491-3C7423ABC8AA}.Release|Any CPU.Build.0 = Release|Any CPU
		{7D52FE31-88A6-4840-A5D1-A19E40A912F7}.Debug|Any CPU.ActiveCfg = Debug|Any CPU
		{7D52FE31-88A6-4840-A5D1-A19E40A912F7}.Debug|Any CPU.Build.0 = Debug|Any CPU
		{7D52FE31-88A6-4840-A5D1-A19E40A912F7}.Release|Any CPU.ActiveCfg = Release|Any CPU
		{7D52FE31-88A6-4840-A5D1-A19E40A912F7}.Release|Any CPU.Build.0 = Release|Any CPU
	EndGlobalSection
	GlobalSection(SolutionProperties) = preSolution
		HideSolutionNode = FALSE
	EndGlobalSection
EndGlobal
